// !$*UTF8*$!
{
	archiveVersion = 1;
	classes = {
	};
	objectVersion = 56;
	objects = {

/* Begin PBXBuildFile section */
		492134B02A1BD0F700D65EFC /* Klipper_ExampleApp.swift in Sources */ = {isa = PBXBuildFile; fileRef = 492134AF2A1BD0F700D65EFC /* Klipper_ExampleApp.swift */; };
		492134B42A1BD0F800D65EFC /* Assets.xcassets in Resources */ = {isa = PBXBuildFile; fileRef = 492134B32A1BD0F800D65EFC /* Assets.xcassets */; };
		492134B72A1BD0F800D65EFC /* Preview Assets.xcassets in Resources */ = {isa = PBXBuildFile; fileRef = 492134B62A1BD0F800D65EFC /* Preview Assets.xcassets */; };
		492134C32A1BD44900D65EFC /* AppDelegate.swift in Sources */ = {isa = PBXBuildFile; fileRef = 492134C22A1BD44900D65EFC /* AppDelegate.swift */; };
		4942D5CC2A2A1B2200E69CD8 /* Data+Pretty.swift in Sources */ = {isa = PBXBuildFile; fileRef = 4942D5CB2A2A1B2200E69CD8 /* Data+Pretty.swift */; };
		4952D76A2A2A5F1600FE1C20 /* library.xcframework in Frameworks */ = {isa = PBXBuildFile; fileRef = 4952D7692A2A5F1600FE1C20 /* library.xcframework */; };
		4952D76B2A2A5F1600FE1C20 /* library.xcframework in Embed Frameworks */ = {isa = PBXBuildFile; fileRef = 4952D7692A2A5F1600FE1C20 /* library.xcframework */; settings = {ATTRIBUTES = (CodeSignOnCopy, RemoveHeadersOnCopy, ); }; };
		4952D76D2A2A616600FE1C20 /* MainView.swift in Sources */ = {isa = PBXBuildFile; fileRef = 4952D76C2A2A616600FE1C20 /* MainView.swift */; };
		4952D76F2A2A63A400FE1C20 /* NativeView.swift in Sources */ = {isa = PBXBuildFile; fileRef = 4952D76E2A2A63A300FE1C20 /* NativeView.swift */; };
		4952D7712A2A64BC00FE1C20 /* KMMView.swift in Sources */ = {isa = PBXBuildFile; fileRef = 4952D7702A2A64BC00FE1C20 /* KMMView.swift */; };
		49FEE6E32A1BD99B0005CEC0 /* Klipper.xcframework in Frameworks */ = {isa = PBXBuildFile; fileRef = 49FEE6E22A1BD99B0005CEC0 /* Klipper.xcframework */; };
		49FEE6E42A1BD99B0005CEC0 /* Klipper.xcframework in Embed Frameworks */ = {isa = PBXBuildFile; fileRef = 49FEE6E22A1BD99B0005CEC0 /* Klipper.xcframework */; settings = {ATTRIBUTES = (CodeSignOnCopy, RemoveHeadersOnCopy, ); }; };
		73EA59652EB62B05FBE73ABA /* Pods_Klipper_Example.framework in Frameworks */ = {isa = PBXBuildFile; fileRef = 14887598BDFB1E744EBFE700 /* Pods_Klipper_Example.framework */; };
/* End PBXBuildFile section */

/* Begin PBXCopyFilesBuildPhase section */
		49FEE6E52A1BD99B0005CEC0 /* Embed Frameworks */ = {
			isa = PBXCopyFilesBuildPhase;
			buildActionMask = 2147483647;
			dstPath = "";
			dstSubfolderSpec = 10;
			files = (
				49FEE6E42A1BD99B0005CEC0 /* Klipper.xcframework in Embed Frameworks */,
				4952D76B2A2A5F1600FE1C20 /* library.xcframework in Embed Frameworks */,
			);
			name = "Embed Frameworks";
			runOnlyForDeploymentPostprocessing = 0;
		};
/* End PBXCopyFilesBuildPhase section */

/* Begin PBXFileReference section */
		062E16314F101395F375D077 /* Pods-Klipper-Example.debug.xcconfig */ = {isa = PBXFileReference; includeInIndex = 1; lastKnownFileType = text.xcconfig; name = "Pods-Klipper-Example.debug.xcconfig"; path = "Target Support Files/Pods-Klipper-Example/Pods-Klipper-Example.debug.xcconfig"; sourceTree = "<group>"; };
		14887598BDFB1E744EBFE700 /* Pods_Klipper_Example.framework */ = {isa = PBXFileReference; explicitFileType = wrapper.framework; includeInIndex = 0; path = Pods_Klipper_Example.framework; sourceTree = BUILT_PRODUCTS_DIR; };
		492134AC2A1BD0F700D65EFC /* Klipper-Example.app */ = {isa = PBXFileReference; explicitFileType = wrapper.application; includeInIndex = 0; path = "Klipper-Example.app"; sourceTree = BUILT_PRODUCTS_DIR; };
		492134AF2A1BD0F700D65EFC /* Klipper_ExampleApp.swift */ = {isa = PBXFileReference; lastKnownFileType = sourcecode.swift; path = Klipper_ExampleApp.swift; sourceTree = "<group>"; };
		492134B32A1BD0F800D65EFC /* Assets.xcassets */ = {isa = PBXFileReference; lastKnownFileType = folder.assetcatalog; path = Assets.xcassets; sourceTree = "<group>"; };
		492134B62A1BD0F800D65EFC /* Preview Assets.xcassets */ = {isa = PBXFileReference; lastKnownFileType = folder.assetcatalog; path = "Preview Assets.xcassets"; sourceTree = "<group>"; };
		492134C22A1BD44900D65EFC /* AppDelegate.swift */ = {isa = PBXFileReference; lastKnownFileType = sourcecode.swift; path = AppDelegate.swift; sourceTree = "<group>"; };
		4942D5CB2A2A1B2200E69CD8 /* Data+Pretty.swift */ = {isa = PBXFileReference; lastKnownFileType = sourcecode.swift; path = "Data+Pretty.swift"; sourceTree = "<group>"; };
		4952D7692A2A5F1600FE1C20 /* library.xcframework */ = {isa = PBXFileReference; lastKnownFileType = wrapper.xcframework; name = library.xcframework; path = "../../kmm/Klipper-Example/swiftpackage/library.xcframework"; sourceTree = "<group>"; };
		4952D76C2A2A616600FE1C20 /* MainView.swift */ = {isa = PBXFileReference; lastKnownFileType = sourcecode.swift; path = MainView.swift; sourceTree = "<group>"; };
		4952D76E2A2A63A300FE1C20 /* NativeView.swift */ = {isa = PBXFileReference; fileEncoding = 4; lastKnownFileType = sourcecode.swift; path = NativeView.swift; sourceTree = "<group>"; };
		4952D7702A2A64BC00FE1C20 /* KMMView.swift */ = {isa = PBXFileReference; lastKnownFileType = sourcecode.swift; path = KMMView.swift; sourceTree = "<group>"; };
		49FEE6E22A1BD99B0005CEC0 /* Klipper.xcframework */ = {isa = PBXFileReference; lastKnownFileType = wrapper.xcframework; name = Klipper.xcframework; path = ../../../library/swiftpackage/Klipper.xcframework; sourceTree = "<group>"; };
		7ADE56942988B3F0B0BE8703 /* Pods-Klipper-Example.release.xcconfig */ = {isa = PBXFileReference; includeInIndex = 1; lastKnownFileType = text.xcconfig; name = "Pods-Klipper-Example.release.xcconfig"; path = "Target Support Files/Pods-Klipper-Example/Pods-Klipper-Example.release.xcconfig"; sourceTree = "<group>"; };
/* End PBXFileReference section */

/* Begin PBXFrameworksBuildPhase section */
		492134A92A1BD0F700D65EFC /* Frameworks */ = {
			isa = PBXFrameworksBuildPhase;
			buildActionMask = 2147483647;
			files = (
				49FEE6E32A1BD99B0005CEC0 /* Klipper.xcframework in Frameworks */,
				73EA59652EB62B05FBE73ABA /* Pods_Klipper_Example.framework in Frameworks */,
				4952D76A2A2A5F1600FE1C20 /* library.xcframework in Frameworks */,
			);
			runOnlyForDeploymentPostprocessing = 0;
		};
/* End PBXFrameworksBuildPhase section */

/* Begin PBXGroup section */
		492134A32A1BD0F700D65EFC = {
			isa = PBXGroup;
			children = (
				492134AE2A1BD0F700D65EFC /* Klipper-Example */,
				492134AD2A1BD0F700D65EFC /* Products */,
				492134BD2A1BD25900D65EFC /* Frameworks */,
				75ACA5A9130ED86857B5B22D /* Pods */,
			);
			sourceTree = "<group>";
		};
		492134AD2A1BD0F700D65EFC /* Products */ = {
			isa = PBXGroup;
			children = (
				492134AC2A1BD0F700D65EFC /* Klipper-Example.app */,
			);
			name = Products;
			sourceTree = "<group>";
		};
		492134AE2A1BD0F700D65EFC /* Klipper-Example */ = {
			isa = PBXGroup;
			children = (
				4952D76E2A2A63A300FE1C20 /* NativeView.swift */,
				492134AF2A1BD0F700D65EFC /* Klipper_ExampleApp.swift */,
				492134B32A1BD0F800D65EFC /* Assets.xcassets */,
				492134B52A1BD0F800D65EFC /* Preview Content */,
				492134C22A1BD44900D65EFC /* AppDelegate.swift */,
				4942D5CB2A2A1B2200E69CD8 /* Data+Pretty.swift */,
				4952D76C2A2A616600FE1C20 /* MainView.swift */,
				4952D7702A2A64BC00FE1C20 /* KMMView.swift */,
			);
			path = "Klipper-Example";
			sourceTree = "<group>";
		};
		492134B52A1BD0F800D65EFC /* Preview Content */ = {
			isa = PBXGroup;
			children = (
				492134B62A1BD0F800D65EFC /* Preview Assets.xcassets */,
			);
			path = "Preview Content";
			sourceTree = "<group>";
		};
		492134BD2A1BD25900D65EFC /* Frameworks */ = {
			isa = PBXGroup;
			children = (
				4952D7692A2A5F1600FE1C20 /* library.xcframework */,
				49FEE6E22A1BD99B0005CEC0 /* Klipper.xcframework */,
				14887598BDFB1E744EBFE700 /* Pods_Klipper_Example.framework */,
			);
			name = Frameworks;
			sourceTree = "<group>";
		};
		75ACA5A9130ED86857B5B22D /* Pods */ = {
			isa = PBXGroup;
			children = (
				062E16314F101395F375D077 /* Pods-Klipper-Example.debug.xcconfig */,
				7ADE56942988B3F0B0BE8703 /* Pods-Klipper-Example.release.xcconfig */,
			);
			path = Pods;
			sourceTree = "<group>";
		};
/* End PBXGroup section */

/* Begin PBXNativeTarget section */
		492134AB2A1BD0F700D65EFC /* Klipper-Example */ = {
			isa = PBXNativeTarget;
			buildConfigurationList = 492134BA2A1BD0F800D65EFC /* Build configuration list for PBXNativeTarget "Klipper-Example" */;
			buildPhases = (
				227D1EA0260B2F6DC968499A /* [CP] Check Pods Manifest.lock */,
				492134A82A1BD0F700D65EFC /* Sources */,
				492134A92A1BD0F700D65EFC /* Frameworks */,
				492134AA2A1BD0F700D65EFC /* Resources */,
				C77403FC105F30FDB38E9DA7 /* [CP] Embed Pods Frameworks */,
				49FEE6E52A1BD99B0005CEC0 /* Embed Frameworks */,
			);
			buildRules = (
			);
			dependencies = (
			);
			name = "Klipper-Example";
			productName = "Klipper-Example";
			productReference = 492134AC2A1BD0F700D65EFC /* Klipper-Example.app */;
			productType = "com.apple.product-type.application";
		};
/* End PBXNativeTarget section */

/* Begin PBXProject section */
		492134A42A1BD0F700D65EFC /* Project object */ = {
			isa = PBXProject;
			attributes = {
				BuildIndependentTargetsInParallel = 1;
				LastSwiftUpdateCheck = 1430;
				LastUpgradeCheck = 1430;
				TargetAttributes = {
					492134AB2A1BD0F700D65EFC = {
						CreatedOnToolsVersion = 14.3;
					};
				};
			};
			buildConfigurationList = 492134A72A1BD0F700D65EFC /* Build configuration list for PBXProject "Klipper-Example" */;
			compatibilityVersion = "Xcode 14.0";
			developmentRegion = en;
			hasScannedForEncodings = 0;
			knownRegions = (
				en,
				Base,
			);
			mainGroup = 492134A32A1BD0F700D65EFC;
			productRefGroup = 492134AD2A1BD0F700D65EFC /* Products */;
			projectDirPath = "";
			projectRoot = "";
			targets = (
				492134AB2A1BD0F700D65EFC /* Klipper-Example */,
			);
		};
/* End PBXProject section */

/* Begin PBXResourcesBuildPhase section */
		492134AA2A1BD0F700D65EFC /* Resources */ = {
			isa = PBXResourcesBuildPhase;
			buildActionMask = 2147483647;
			files = (
				492134B72A1BD0F800D65EFC /* Preview Assets.xcassets in Resources */,
				492134B42A1BD0F800D65EFC /* Assets.xcassets in Resources */,
			);
			runOnlyForDeploymentPostprocessing = 0;
		};
/* End PBXResourcesBuildPhase section */

/* Begin PBXShellScriptBuildPhase section */
		227D1EA0260B2F6DC968499A /* [CP] Check Pods Manifest.lock */ = {
			isa = PBXShellScriptBuildPhase;
			buildActionMask = 2147483647;
			files = (
			);
			inputFileListPaths = (
			);
			inputPaths = (
				"${PODS_PODFILE_DIR_PATH}/Podfile.lock",
				"${PODS_ROOT}/Manifest.lock",
			);
			name = "[CP] Check Pods Manifest.lock";
			outputFileListPaths = (
			);
			outputPaths = (
				"$(DERIVED_FILE_DIR)/Pods-Klipper-Example-checkManifestLockResult.txt",
			);
			runOnlyForDeploymentPostprocessing = 0;
			shellPath = /bin/sh;
			shellScript = "diff \"${PODS_PODFILE_DIR_PATH}/Podfile.lock\" \"${PODS_ROOT}/Manifest.lock\" > /dev/null\nif [ $? != 0 ] ; then\n    # print error to STDERR\n    echo \"error: The sandbox is not in sync with the Podfile.lock. Run 'pod install' or update your CocoaPods installation.\" >&2\n    exit 1\nfi\n# This output is used by Xcode 'outputs' to avoid re-running this script phase.\necho \"SUCCESS\" > \"${SCRIPT_OUTPUT_FILE_0}\"\n";
			showEnvVarsInLog = 0;
		};
		C77403FC105F30FDB38E9DA7 /* [CP] Embed Pods Frameworks */ = {
			isa = PBXShellScriptBuildPhase;
			buildActionMask = 2147483647;
			files = (
			);
			inputFileListPaths = (
				"${PODS_ROOT}/Target Support Files/Pods-Klipper-Example/Pods-Klipper-Example-frameworks-${CONFIGURATION}-input-files.xcfilelist",
			);
			name = "[CP] Embed Pods Frameworks";
			outputFileListPaths = (
				"${PODS_ROOT}/Target Support Files/Pods-Klipper-Example/Pods-Klipper-Example-frameworks-${CONFIGURATION}-output-files.xcfilelist",
			);
			runOnlyForDeploymentPostprocessing = 0;
			shellPath = /bin/sh;
			shellScript = "\"${PODS_ROOT}/Target Support Files/Pods-Klipper-Example/Pods-Klipper-Example-frameworks.sh\"\n";
			showEnvVarsInLog = 0;
		};
/* End PBXShellScriptBuildPhase section */

/* Begin PBXSourcesBuildPhase section */
		492134A82A1BD0F700D65EFC /* Sources */ = {
			isa = PBXSourcesBuildPhase;
			buildActionMask = 2147483647;
			files = (
				492134C32A1BD44900D65EFC /* AppDelegate.swift in Sources */,
				4952D76F2A2A63A400FE1C20 /* NativeView.swift in Sources */,
				4952D7712A2A64BC00FE1C20 /* KMMView.swift in Sources */,
				4942D5CC2A2A1B2200E69CD8 /* Data+Pretty.swift in Sources */,
				4952D76D2A2A616600FE1C20 /* MainView.swift in Sources */,
				492134B02A1BD0F700D65EFC /* Klipper_ExampleApp.swift in Sources */,
			);
			runOnlyForDeploymentPostprocessing = 0;
		};
/* End PBXSourcesBuildPhase section */

/* Begin XCBuildConfiguration section */
		492134B82A1BD0F800D65EFC /* Debug */ = {
			isa = XCBuildConfiguration;
			buildSettings = {
				ALWAYS_SEARCH_USER_PATHS = NO;
				CLANG_ANALYZER_NONNULL = YES;
				CLANG_ANALYZER_NUMBER_OBJECT_CONVERSION = YES_AGGRESSIVE;
				CLANG_CXX_LANGUAGE_STANDARD = "gnu++20";
				CLANG_ENABLE_MODULES = YES;
				CLANG_ENABLE_OBJC_ARC = YES;
				CLANG_ENABLE_OBJC_WEAK = YES;
				CLANG_WARN_BLOCK_CAPTURE_AUTORELEASING = YES;
				CLANG_WARN_BOOL_CONVERSION = YES;
				CLANG_WARN_COMMA = YES;
				CLANG_WARN_CONSTANT_CONVERSION = YES;
				CLANG_WARN_DEPRECATED_OBJC_IMPLEMENTATIONS = YES;
				CLANG_WARN_DIRECT_OBJC_ISA_USAGE = YES_ERROR;
				CLANG_WARN_DOCUMENTATION_COMMENTS = YES;
				CLANG_WARN_EMPTY_BODY = YES;
				CLANG_WARN_ENUM_CONVERSION = YES;
				CLANG_WARN_INFINITE_RECURSION = YES;
				CLANG_WARN_INT_CONVERSION = YES;
				CLANG_WARN_NON_LITERAL_NULL_CONVERSION = YES;
				CLANG_WARN_OBJC_IMPLICIT_RETAIN_SELF = YES;
				CLANG_WARN_OBJC_LITERAL_CONVERSION = YES;
				CLANG_WARN_OBJC_ROOT_CLASS = YES_ERROR;
				CLANG_WARN_QUOTED_INCLUDE_IN_FRAMEWORK_HEADER = YES;
				CLANG_WARN_RANGE_LOOP_ANALYSIS = YES;
				CLANG_WARN_STRICT_PROTOTYPES = YES;
				CLANG_WARN_SUSPICIOUS_MOVE = YES;
				CLANG_WARN_UNGUARDED_AVAILABILITY = YES_AGGRESSIVE;
				CLANG_WARN_UNREACHABLE_CODE = YES;
				CLANG_WARN__DUPLICATE_METHOD_MATCH = YES;
				COPY_PHASE_STRIP = NO;
				DEBUG_INFORMATION_FORMAT = dwarf;
				ENABLE_STRICT_OBJC_MSGSEND = YES;
				ENABLE_TESTABILITY = YES;
				"EXCLUDED_ARCHS[sdk=iphonesimulator*]" = arm64;
				GCC_C_LANGUAGE_STANDARD = gnu11;
				GCC_DYNAMIC_NO_PIC = NO;
				GCC_NO_COMMON_BLOCKS = YES;
				GCC_OPTIMIZATION_LEVEL = 0;
				GCC_PREPROCESSOR_DEFINITIONS = (
					"DEBUG=1",
					"$(inherited)",
				);
				GCC_WARN_64_TO_32_BIT_CONVERSION = YES;
				GCC_WARN_ABOUT_RETURN_TYPE = YES_ERROR;
				GCC_WARN_UNDECLARED_SELECTOR = YES;
				GCC_WARN_UNINITIALIZED_AUTOS = YES_AGGRESSIVE;
				GCC_WARN_UNUSED_FUNCTION = YES;
				GCC_WARN_UNUSED_VARIABLE = YES;
				IPHONEOS_DEPLOYMENT_TARGET = 16.4;
				MTL_ENABLE_DEBUG_INFO = INCLUDE_SOURCE;
				MTL_FAST_MATH = YES;
				ONLY_ACTIVE_ARCH = YES;
				SDKROOT = iphoneos;
				SWIFT_ACTIVE_COMPILATION_CONDITIONS = DEBUG;
				SWIFT_OPTIMIZATION_LEVEL = "-Onone";
			};
			name = Debug;
		};
		492134B92A1BD0F800D65EFC /* Release */ = {
			isa = XCBuildConfiguration;
			buildSettings = {
				ALWAYS_SEARCH_USER_PATHS = NO;
				CLANG_ANALYZER_NONNULL = YES;
				CLANG_ANALYZER_NUMBER_OBJECT_CONVERSION = YES_AGGRESSIVE;
				CLANG_CXX_LANGUAGE_STANDARD = "gnu++20";
				CLANG_ENABLE_MODULES = YES;
				CLANG_ENABLE_OBJC_ARC = YES;
				CLANG_ENABLE_OBJC_WEAK = YES;
				CLANG_WARN_BLOCK_CAPTURE_AUTORELEASING = YES;
				CLANG_WARN_BOOL_CONVERSION = YES;
				CLANG_WARN_COMMA = YES;
				CLANG_WARN_CONSTANT_CONVERSION = YES;
				CLANG_WARN_DEPRECATED_OBJC_IMPLEMENTATIONS = YES;
				CLANG_WARN_DIRECT_OBJC_ISA_USAGE = YES_ERROR;
				CLANG_WARN_DOCUMENTATION_COMMENTS = YES;
				CLANG_WARN_EMPTY_BODY = YES;
				CLANG_WARN_ENUM_CONVERSION = YES;
				CLANG_WARN_INFINITE_RECURSION = YES;
				CLANG_WARN_INT_CONVERSION = YES;
				CLANG_WARN_NON_LITERAL_NULL_CONVERSION = YES;
				CLANG_WARN_OBJC_IMPLICIT_RETAIN_SELF = YES;
				CLANG_WARN_OBJC_LITERAL_CONVERSION = YES;
				CLANG_WARN_OBJC_ROOT_CLASS = YES_ERROR;
				CLANG_WARN_QUOTED_INCLUDE_IN_FRAMEWORK_HEADER = YES;
				CLANG_WARN_RANGE_LOOP_ANALYSIS = YES;
				CLANG_WARN_STRICT_PROTOTYPES = YES;
				CLANG_WARN_SUSPICIOUS_MOVE = YES;
				CLANG_WARN_UNGUARDED_AVAILABILITY = YES_AGGRESSIVE;
				CLANG_WARN_UNREACHABLE_CODE = YES;
				CLANG_WARN__DUPLICATE_METHOD_MATCH = YES;
				COPY_PHASE_STRIP = NO;
				DEBUG_INFORMATION_FORMAT = "dwarf-with-dsym";
				ENABLE_NS_ASSERTIONS = NO;
				ENABLE_STRICT_OBJC_MSGSEND = YES;
				GCC_C_LANGUAGE_STANDARD = gnu11;
				GCC_NO_COMMON_BLOCKS = YES;
				GCC_WARN_64_TO_32_BIT_CONVERSION = YES;
				GCC_WARN_ABOUT_RETURN_TYPE = YES_ERROR;
				GCC_WARN_UNDECLARED_SELECTOR = YES;
				GCC_WARN_UNINITIALIZED_AUTOS = YES_AGGRESSIVE;
				GCC_WARN_UNUSED_FUNCTION = YES;
				GCC_WARN_UNUSED_VARIABLE = YES;
				IPHONEOS_DEPLOYMENT_TARGET = 16.4;
				MTL_ENABLE_DEBUG_INFO = NO;
				MTL_FAST_MATH = YES;
				SDKROOT = iphoneos;
				SWIFT_COMPILATION_MODE = wholemodule;
				SWIFT_OPTIMIZATION_LEVEL = "-O";
				VALIDATE_PRODUCT = YES;
			};
			name = Release;
		};
		492134BB2A1BD0F800D65EFC /* Debug */ = {
			isa = XCBuildConfiguration;
			baseConfigurationReference = 062E16314F101395F375D077 /* Pods-Klipper-Example.debug.xcconfig */;
			buildSettings = {
				ASSETCATALOG_COMPILER_APPICON_NAME = AppIcon;
				ASSETCATALOG_COMPILER_GLOBAL_ACCENT_COLOR_NAME = AccentColor;
				CODE_SIGN_STYLE = Automatic;
				CURRENT_PROJECT_VERSION = 1;
				DEVELOPMENT_ASSET_PATHS = "\"Klipper-Example/Preview Content\"";
				ENABLE_PREVIEWS = YES;
				FRAMEWORK_SEARCH_PATHS = (
					"$(inherited)",
					"\"${PODS_CONFIGURATION_BUILD_DIR}/CocoaAsyncSocket\"",
					"\"${PODS_CONFIGURATION_BUILD_DIR}/Flipper\"",
					"\"${PODS_CONFIGURATION_BUILD_DIR}/Flipper-Boost-iOSX\"",
					"\"${PODS_CONFIGURATION_BUILD_DIR}/Flipper-Fmt\"",
					"\"${PODS_CONFIGURATION_BUILD_DIR}/Flipper-Folly\"",
					"\"${PODS_CONFIGURATION_BUILD_DIR}/Flipper-PeerTalk\"",
					"\"${PODS_CONFIGURATION_BUILD_DIR}/FlipperKit\"/**",
					"\"${PODS_CONFIGURATION_BUILD_DIR}/SocketRocket\"",
					"\"${PODS_CONFIGURATION_BUILD_DIR}/libevent\"",
					"\"${PODS_ROOT}/Flipper-DoubleConversion/Frameworks\"",
					"\"${PODS_ROOT}/Flipper-Glog/Frameworks\"",
					"\"${PODS_ROOT}/OpenSSL-Universal/Frameworks\"",
					"\"${PODS_XCFRAMEWORKS_BUILD_DIR}/Flipper-DoubleConversion\"",
					"\"${PODS_XCFRAMEWORKS_BUILD_DIR}/Flipper-Glog\"",
					"\"${PODS_XCFRAMEWORKS_BUILD_DIR}/OpenSSL-Universal\"",
				);
				GENERATE_INFOPLIST_FILE = YES;
				HEADER_SEARCH_PATHS = (
					"$(inherited)",
					"\"${PODS_CONFIGURATION_BUILD_DIR}/CocoaAsyncSocket/CocoaAsyncSocket.framework/Headers\"",
					"\"${PODS_CONFIGURATION_BUILD_DIR}/Flipper-Boost-iOSX/boost.framework/Headers\"",
					"\"${PODS_CONFIGURATION_BUILD_DIR}/Flipper-Fmt/fmt.framework/Headers\"",
					"\"${PODS_CONFIGURATION_BUILD_DIR}/Flipper-Folly/folly.framework/Headers\"",
					"\"${PODS_CONFIGURATION_BUILD_DIR}/Flipper-PeerTalk/peertalk.framework/Headers\"",
					"\"${PODS_CONFIGURATION_BUILD_DIR}/Flipper/Flipper.framework/Headers\"/**",
					"\"${PODS_CONFIGURATION_BUILD_DIR}/FlipperKit/FlipperKit.framework/Headers\"/**",
					"\"${PODS_CONFIGURATION_BUILD_DIR}/SocketRocket/SocketRocket.framework/Headers\"",
					"\"${PODS_CONFIGURATION_BUILD_DIR}/libevent/libevent.framework/Headers\"",
					"\"$(PODS_TARGET_SRCROOT)/include/\"",
				);
				INFOPLIST_KEY_UIApplicationSceneManifest_Generation = YES;
				INFOPLIST_KEY_UIApplicationSupportsIndirectInputEvents = YES;
				INFOPLIST_KEY_UILaunchScreen_Generation = YES;
				INFOPLIST_KEY_UISupportedInterfaceOrientations_iPad = "UIInterfaceOrientationPortrait UIInterfaceOrientationPortraitUpsideDown UIInterfaceOrientationLandscapeLeft UIInterfaceOrientationLandscapeRight";
				INFOPLIST_KEY_UISupportedInterfaceOrientations_iPhone = "UIInterfaceOrientationPortrait UIInterfaceOrientationLandscapeLeft UIInterfaceOrientationLandscapeRight";
				LD_RUNPATH_SEARCH_PATHS = (
					"$(inherited)",
					"@executable_path/Frameworks",
				);
				MARKETING_VERSION = 1.0;
				PRODUCT_BUNDLE_IDENTIFIER = "com.myunidays.Klipper-Example";
				PRODUCT_NAME = "$(TARGET_NAME)";
				SWIFT_EMIT_LOC_STRINGS = YES;
				SWIFT_VERSION = 5.0;
				TARGETED_DEVICE_FAMILY = "1,2";
			};
			name = Debug;
		};
		492134BC2A1BD0F800D65EFC /* Release */ = {
			isa = XCBuildConfiguration;
			baseConfigurationReference = 7ADE56942988B3F0B0BE8703 /* Pods-Klipper-Example.release.xcconfig */;
			buildSettings = {
				ASSETCATALOG_COMPILER_APPICON_NAME = AppIcon;
				ASSETCATALOG_COMPILER_GLOBAL_ACCENT_COLOR_NAME = AccentColor;
				CODE_SIGN_STYLE = Automatic;
				CURRENT_PROJECT_VERSION = 1;
				DEVELOPMENT_ASSET_PATHS = "\"Klipper-Example/Preview Content\"";
				ENABLE_PREVIEWS = YES;
				GENERATE_INFOPLIST_FILE = YES;
				INFOPLIST_KEY_UIApplicationSceneManifest_Generation = YES;
				INFOPLIST_KEY_UIApplicationSupportsIndirectInputEvents = YES;
				INFOPLIST_KEY_UILaunchScreen_Generation = YES;
				INFOPLIST_KEY_UISupportedInterfaceOrientations_iPad = "UIInterfaceOrientationPortrait UIInterfaceOrientationPortraitUpsideDown UIInterfaceOrientationLandscapeLeft UIInterfaceOrientationLandscapeRight";
				INFOPLIST_KEY_UISupportedInterfaceOrientations_iPhone = "UIInterfaceOrientationPortrait UIInterfaceOrientationLandscapeLeft UIInterfaceOrientationLandscapeRight";
				LD_RUNPATH_SEARCH_PATHS = (
					"$(inherited)",
					"@executable_path/Frameworks",
				);
				MARKETING_VERSION = 1.0;
				PRODUCT_BUNDLE_IDENTIFIER = "com.myunidays.Klipper-Example";
				PRODUCT_NAME = "$(TARGET_NAME)";
				SWIFT_EMIT_LOC_STRINGS = YES;
				SWIFT_VERSION = 5.0;
				TARGETED_DEVICE_FAMILY = "1,2";
			};
			name = Release;
		};
/* End XCBuildConfiguration section */

/* Begin XCConfigurationList section */
		492134A72A1BD0F700D65EFC /* Build configuration list for PBXProject "Klipper-Example" */ = {
			isa = XCConfigurationList;
			buildConfigurations = (
				492134B82A1BD0F800D65EFC /* Debug */,
				492134B92A1BD0F800D65EFC /* Release */,
			);
			defaultConfigurationIsVisible = 0;
			defaultConfigurationName = Release;
		};
		492134BA2A1BD0F800D65EFC /* Build configuration list for PBXNativeTarget "Klipper-Example" */ = {
			isa = XCConfigurationList;
			buildConfigurations = (
				492134BB2A1BD0F800D65EFC /* Debug */,
				492134BC2A1BD0F800D65EFC /* Release */,
			);
			defaultConfigurationIsVisible = 0;
			defaultConfigurationName = Release;
		};
/* End XCConfigurationList section */
	};
	rootObject = 492134A42A1BD0F700D65EFC /* Project object */;
}
